
Microsoft Visual Studio Solution File, Format Version 12.00
# Visual Studio Version 17
VisualStudioVersion = 17.5.33516.290
MinimumVisualStudioVersion = 10.0.40219.1
Project("{FAE04EC0-301F-11D3-BF4B-00C04F79EFBC}") = "1_Linked_List", "1_Linked_List\1_Linked_List.csproj", "{986F3407-28B7-4950-ADA4-C2940E71B845}"
EndProject
Global
	GlobalSection(SolutionConfigurationPlatforms) = preSolution
		Debug|Any CPU = Debug|Any CPU
		Release|Any CPU = Release|Any CPU
	EndGlobalSection
	GlobalSection(ProjectConfigurationPlatforms) = postSolution
		{986F3407-28B7-4950-ADA4-C2940E71B845}.Debug|Any CPU.ActiveCfg = Debug|Any CPU
		{986F3407-28B7-4950-ADA4-C2940E71B845}.Debug|Any CPU.Build.0 = Debug|Any CPU
		{986F3407-28B7-4950-ADA4-C2940E71B845}.Release|Any CPU.ActiveCfg = Release|Any CPU
		{986F3407-28B7-4950-ADA4-C2940E71B845}.Release|Any CPU.Build.0 = Release|Any CPU
	EndGlobalSection
	GlobalSection(SolutionProperties) = preSolution
		HideSolutionNode = FALSE
	EndGlobalSection
	GlobalSection(ExtensibilityGlobals) = postSolution
		SolutionGuid = {FE7382A7-0465-42F0-A3FE-45863E6C1D11}
	EndGlobalSection
EndGlobal
